
Microsoft Visual Studio Solution File, Format Version 12.00
# Visual Studio 2013
VisualStudioVersion = 12.0.40629.0
MinimumVisualStudioVersion = 10.0.40219.1
Project("{8BC9CEB8-8B4A-11D0-8D11-00A0C91BC942}") = "handmade-quake", "handmade-quake\handmade-quake.vcxproj", "{00FAA902-43A9-4F17-8D11-EDBF55146E8F}"
EndProject
Project("{8BC9CEB8-8B4A-11D0-8D11-00A0C91BC942}") = "Module2", "Module2\Module2.vcxproj", "{D05DBE71-1907-4E3A-BB93-A48CED779A08}"
EndProject
Project("{8BC9CEB8-8B4A-11D0-8D11-00A0C91BC942}") = "Module3", "Module3\Module3.vcxproj", "{B38B9B5B-1B09-4725-BAA1-37AA5FC90ADD}"
EndProject
Project("{8BC9CEB8-8B4A-11D0-8D11-00A0C91BC942}") = "Module4", "Module4\Module4.vcxproj", "{BFD4520E-A07B-48EA-8B84-0805D0E6246D}"
EndProject
Project("{8BC9CEB8-8B4A-11D0-8D11-00A0C91BC942}") = "Module5", "Module5\Module5.vcxproj", "{699AFB8D-D088-461A-9B33-A9DBB4354A10}"
EndProject
Global
	GlobalSection(SolutionConfigurationPlatforms) = preSolution
		Debug|Win32 = Debug|Win32
		Release|Win32 = Release|Win32
	EndGlobalSection
	GlobalSection(ProjectConfigurationPlatforms) = postSolution
		{00FAA902-43A9-4F17-8D11-EDBF55146E8F}.Debug|Win32.ActiveCfg = Debug|Win32
		{00FAA902-43A9-4F17-8D11-EDBF55146E8F}.Debug|Win32.Build.0 = Debug|Win32
		{00FAA902-43A9-4F17-8D11-EDBF55146E8F}.Release|Win32.ActiveCfg = Release|Win32
		{00FAA902-43A9-4F17-8D11-EDBF55146E8F}.Release|Win32.Build.0 = Release|Win32
		{D05DBE71-1907-4E3A-BB93-A48CED779A08}.Debug|Win32.ActiveCfg = Debug|Win32
		{D05DBE71-1907-4E3A-BB93-A48CED779A08}.Debug|Win32.Build.0 = Debug|Win32
		{D05DBE71-1907-4E3A-BB93-A48CED779A08}.Release|Win32.ActiveCfg = Release|Win32
		{D05DBE71-1907-4E3A-BB93-A48CED779A08}.Release|Win32.Build.0 = Release|Win32
		{B38B9B5B-1B09-4725-BAA1-37AA5FC90ADD}.Debug|Win32.ActiveCfg = Debug|Win32
		{B38B9B5B-1B09-4725-BAA1-37AA5FC90ADD}.Debug|Win32.Build.0 = Debug|Win32
		{B38B9B5B-1B09-4725-BAA1-37AA5FC90ADD}.Release|Win32.ActiveCfg = Release|Win32
		{B38B9B5B-1B09-4725-BAA1-37AA5FC90ADD}.Release|Win32.Build.0 = Release|Win32
		{BFD4520E-A07B-48EA-8B84-0805D0E6246D}.Debug|Win32.ActiveCfg = Debug|Win32
		{BFD4520E-A07B-48EA-8B84-0805D0E6246D}.Debug|Win32.Build.0 = Debug|Win32
		{BFD4520E-A07B-48EA-8B84-0805D0E6246D}.Release|Win32.ActiveCfg = Release|Win32
		{BFD4520E-A07B-48EA-8B84-0805D0E6246D}.Release|Win32.Build.0 = Release|Win32
		{699AFB8D-D088-461A-9B33-A9DBB4354A10}.Debug|Win32.ActiveCfg = Debug|Win32
		{699AFB8D-D088-461A-9B33-A9DBB4354A10}.Debug|Win32.Build.0 = Debug|Win32
		{699AFB8D-D088-461A-9B33-A9DBB4354A10}.Release|Win32.ActiveCfg = Release|Win32
		{699AFB8D-D088-461A-9B33-A9DBB4354A10}.Release|Win32.Build.0 = Release|Win32
	EndGlobalSection
	GlobalSection(SolutionProperties) = preSolution
		HideSolutionNode = FALSE
	EndGlobalSection
EndGlobal
